// !$*UTF8*$!
{
	archiveVersion = 1;
	classes = {
	};
	objectVersion = 56;
	objects = {

/* Begin PBXBuildFile section */
		71A664ED2A8BC7CD002F0CFC /* StearItem.swift in Sources */ = {isa = PBXBuildFile; fileRef = 71A664EC2A8BC7CD002F0CFC /* StearItem.swift */; };
		71A664EF2A8BD07B002F0CFC /* StearWindows.swift in Sources */ = {isa = PBXBuildFile; fileRef = 71A664EE2A8BD07B002F0CFC /* StearWindows.swift */; };
		71A664F62A8BDCF8002F0CFC /* plist.swift in Sources */ = {isa = PBXBuildFile; fileRef = 71A664F52A8BDCF8002F0CFC /* plist.swift */; };
		71A664F82A8BEF81002F0CFC /* StearStatusView.swift in Sources */ = {isa = PBXBuildFile; fileRef = 71A664F72A8BEF81002F0CFC /* StearStatusView.swift */; };
		71A664FA2A8BF86C002F0CFC /* Recorder.swift in Sources */ = {isa = PBXBuildFile; fileRef = 71A664F92A8BF86C002F0CFC /* Recorder.swift */; };
		71B839CD2A5990ED007F0A4B /* LICENSE in Resources */ = {isa = PBXBuildFile; fileRef = 71B839CC2A5990ED007F0A4B /* LICENSE */; };
		71B839CF2A5990FF007F0A4B /* README.md in Resources */ = {isa = PBXBuildFile; fileRef = 71B839CE2A5990FF007F0A4B /* README.md */; };
		71B839D12A59912E007F0A4B /* SettingsView.swift in Sources */ = {isa = PBXBuildFile; fileRef = 71B839D02A59912E007F0A4B /* SettingsView.swift */; };
		71D4BDD02A5151420089BEF7 /* StearBoardApp.swift in Sources */ = {isa = PBXBuildFile; fileRef = 71D4BDCF2A5151420089BEF7 /* StearBoardApp.swift */; };
		71D4BDD42A5151430089BEF7 /* Assets.xcassets in Resources */ = {isa = PBXBuildFile; fileRef = 71D4BDD32A5151430089BEF7 /* Assets.xcassets */; };
		71D4BDD72A5151430089BEF7 /* Preview Assets.xcassets in Resources */ = {isa = PBXBuildFile; fileRef = 71D4BDD62A5151430089BEF7 /* Preview Assets.xcassets */; };
		71D4BDE32A515A620089BEF7 /* Clipboard.swift in Sources */ = {isa = PBXBuildFile; fileRef = 71D4BDE22A515A620089BEF7 /* Clipboard.swift */; };
		71D4BDE92A5169790089BEF7 /* ClipboardItem.swift in Sources */ = {isa = PBXBuildFile; fileRef = 71D4BDE82A5169790089BEF7 /* ClipboardItem.swift */; };
/* End PBXBuildFile section */

/* Begin PBXFileReference section */
		71A664EC2A8BC7CD002F0CFC /* StearItem.swift */ = {isa = PBXFileReference; lastKnownFileType = sourcecode.swift; path = StearItem.swift; sourceTree = "<group>"; };
		71A664EE2A8BD07B002F0CFC /* StearWindows.swift */ = {isa = PBXFileReference; lastKnownFileType = sourcecode.swift; path = StearWindows.swift; sourceTree = "<group>"; };
		71A664F32A8BDB8A002F0CFC /* Info.plist */ = {isa = PBXFileReference; lastKnownFileType = text.plist; path = Info.plist; sourceTree = "<group>"; };
		71A664F52A8BDCF8002F0CFC /* plist.swift */ = {isa = PBXFileReference; lastKnownFileType = sourcecode.swift; path = plist.swift; sourceTree = "<group>"; };
		71A664F72A8BEF81002F0CFC /* StearStatusView.swift */ = {isa = PBXFileReference; lastKnownFileType = sourcecode.swift; path = StearStatusView.swift; sourceTree = "<group>"; };
		71A664F92A8BF86C002F0CFC /* Recorder.swift */ = {isa = PBXFileReference; lastKnownFileType = sourcecode.swift; path = Recorder.swift; sourceTree = "<group>"; };
		71B839CC2A5990ED007F0A4B /* LICENSE */ = {isa = PBXFileReference; explicitFileType = sourcecode.make; fileEncoding = 4; path = LICENSE; sourceTree = SOURCE_ROOT; };
		71B839CE2A5990FF007F0A4B /* README.md */ = {isa = PBXFileReference; fileEncoding = 4; lastKnownFileType = net.daringfireball.markdown; path = README.md; sourceTree = SOURCE_ROOT; };
		71B839D02A59912E007F0A4B /* SettingsView.swift */ = {isa = PBXFileReference; lastKnownFileType = sourcecode.swift; path = SettingsView.swift; sourceTree = "<group>"; };
		71D4BDCC2A5151420089BEF7 /* StearBoard.app */ = {isa = PBXFileReference; explicitFileType = wrapper.application; includeInIndex = 0; path = StearBoard.app; sourceTree = BUILT_PRODUCTS_DIR; };
		71D4BDCF2A5151420089BEF7 /* StearBoardApp.swift */ = {isa = PBXFileReference; lastKnownFileType = sourcecode.swift; path = StearBoardApp.swift; sourceTree = "<group>"; };
		71D4BDD32A5151430089BEF7 /* Assets.xcassets */ = {isa = PBXFileReference; lastKnownFileType = folder.assetcatalog; path = Assets.xcassets; sourceTree = "<group>"; };
		71D4BDD62A5151430089BEF7 /* Preview Assets.xcassets */ = {isa = PBXFileReference; lastKnownFileType = folder.assetcatalog; path = "Preview Assets.xcassets"; sourceTree = "<group>"; };
		71D4BDD82A5151430089BEF7 /* StearBoard.entitlements */ = {isa = PBXFileReference; lastKnownFileType = text.plist.entitlements; path = StearBoard.entitlements; sourceTree = "<group>"; };
		71D4BDE22A515A620089BEF7 /* Clipboard.swift */ = {isa = PBXFileReference; lastKnownFileType = sourcecode.swift; path = Clipboard.swift; sourceTree = "<group>"; };
		71D4BDE82A5169790089BEF7 /* ClipboardItem.swift */ = {isa = PBXFileReference; lastKnownFileType = sourcecode.swift; path = ClipboardItem.swift; sourceTree = "<group>"; };
/* End PBXFileReference section */

/* Begin PBXFrameworksBuildPhase section */
		71D4BDC92A5151420089BEF7 /* Frameworks */ = {
			isa = PBXFrameworksBuildPhase;
			buildActionMask = 2147483647;
			files = (
			);
			runOnlyForDeploymentPostprocessing = 0;
		};
/* End PBXFrameworksBuildPhase section */

/* Begin PBXGroup section */
		71A664F42A8BDCED002F0CFC /* utils */ = {
			isa = PBXGroup;
			children = (
				71A664F52A8BDCF8002F0CFC /* plist.swift */,
			);
			path = utils;
			sourceTree = "<group>";
		};
		71D4BDC32A5151420089BEF7 = {
			isa = PBXGroup;
			children = (
				71B839CE2A5990FF007F0A4B /* README.md */,
				71B839CC2A5990ED007F0A4B /* LICENSE */,
				71D4BDCE2A5151420089BEF7 /* StearBoard */,
				71D4BDCD2A5151420089BEF7 /* Products */,
			);
			sourceTree = "<group>";
		};
		71D4BDCD2A5151420089BEF7 /* Products */ = {
			isa = PBXGroup;
			children = (
				71D4BDCC2A5151420089BEF7 /* StearBoard.app */,
			);
			name = Products;
			sourceTree = "<group>";
		};
		71D4BDCE2A5151420089BEF7 /* StearBoard */ = {
			isa = PBXGroup;
			children = (
				71A664F42A8BDCED002F0CFC /* utils */,
				71A664F32A8BDB8A002F0CFC /* Info.plist */,
				71A664EC2A8BC7CD002F0CFC /* StearItem.swift */,
				71A664EE2A8BD07B002F0CFC /* StearWindows.swift */,
				71A664F72A8BEF81002F0CFC /* StearStatusView.swift */,
				71B839D02A59912E007F0A4B /* SettingsView.swift */,
				71D4BDE82A5169790089BEF7 /* ClipboardItem.swift */,
				71D4BDE22A515A620089BEF7 /* Clipboard.swift */,
				71D4BDCF2A5151420089BEF7 /* StearBoardApp.swift */,
				71D4BDD32A5151430089BEF7 /* Assets.xcassets */,
				71D4BDD82A5151430089BEF7 /* StearBoard.entitlements */,
				71D4BDD52A5151430089BEF7 /* Preview Content */,
				71A664F92A8BF86C002F0CFC /* Recorder.swift */,
			);
			path = StearBoard;
			sourceTree = "<group>";
		};
		71D4BDD52A5151430089BEF7 /* Preview Content */ = {
			isa = PBXGroup;
			children = (
				71D4BDD62A5151430089BEF7 /* Preview Assets.xcassets */,
			);
			path = "Preview Content";
			sourceTree = "<group>";
		};
/* End PBXGroup section */

/* Begin PBXNativeTarget section */
		71D4BDCB2A5151420089BEF7 /* StearBoard */ = {
			isa = PBXNativeTarget;
			buildConfigurationList = 71D4BDDB2A5151430089BEF7 /* Build configuration list for PBXNativeTarget "StearBoard" */;
			buildPhases = (
				71D4BDC82A5151420089BEF7 /* Sources */,
				71D4BDC92A5151420089BEF7 /* Frameworks */,
				71D4BDCA2A5151420089BEF7 /* Resources */,
			);
			buildRules = (
			);
			dependencies = (
			);
			name = StearBoard;
			productName = StearBoard;
			productReference = 71D4BDCC2A5151420089BEF7 /* StearBoard.app */;
			productType = "com.apple.product-type.application";
		};
/* End PBXNativeTarget section */

/* Begin PBXProject section */
		71D4BDC42A5151420089BEF7 /* Project object */ = {
			isa = PBXProject;
			attributes = {
				BuildIndependentTargetsInParallel = 1;
				LastSwiftUpdateCheck = 1430;
				LastUpgradeCheck = 1430;
				TargetAttributes = {
					71D4BDCB2A5151420089BEF7 = {
						CreatedOnToolsVersion = 14.3;
					};
				};
			};
			buildConfigurationList = 71D4BDC72A5151420089BEF7 /* Build configuration list for PBXProject "StearBoard" */;
			compatibilityVersion = "Xcode 14.0";
			developmentRegion = en;
			hasScannedForEncodings = 0;
			knownRegions = (
				en,
				Base,
			);
			mainGroup = 71D4BDC32A5151420089BEF7;
			productRefGroup = 71D4BDCD2A5151420089BEF7 /* Products */;
			projectDirPath = "";
			projectRoot = "";
			targets = (
				71D4BDCB2A5151420089BEF7 /* StearBoard */,
			);
		};
/* End PBXProject section */

/* Begin PBXResourcesBuildPhase section */
		71D4BDCA2A5151420089BEF7 /* Resources */ = {
			isa = PBXResourcesBuildPhase;
			buildActionMask = 2147483647;
			files = (
				71D4BDD72A5151430089BEF7 /* Preview Assets.xcassets in Resources */,
				71B839CD2A5990ED007F0A4B /* LICENSE in Resources */,
				71B839CF2A5990FF007F0A4B /* README.md in Resources */,
				71D4BDD42A5151430089BEF7 /* Assets.xcassets in Resources */,
			);
			runOnlyForDeploymentPostprocessing = 0;
		};
/* End PBXResourcesBuildPhase section */

/* Begin PBXSourcesBuildPhase section */
		71D4BDC82A5151420089BEF7 /* Sources */ = {
			isa = PBXSourcesBuildPhase;
			buildActionMask = 2147483647;
			files = (
				71A664FA2A8BF86C002F0CFC /* Recorder.swift in Sources */,
				71B839D12A59912E007F0A4B /* SettingsView.swift in Sources */,
				71D4BDE32A515A620089BEF7 /* Clipboard.swift in Sources */,
				71A664F62A8BDCF8002F0CFC /* plist.swift in Sources */,
				71A664F82A8BEF81002F0CFC /* StearStatusView.swift in Sources */,
				71D4BDD02A5151420089BEF7 /* StearBoardApp.swift in Sources */,
				71A664EF2A8BD07B002F0CFC /* StearWindows.swift in Sources */,
				71A664ED2A8BC7CD002F0CFC /* StearItem.swift in Sources */,
				71D4BDE92A5169790089BEF7 /* ClipboardItem.swift in Sources */,
			);
			runOnlyForDeploymentPostprocessing = 0;
		};
/* End PBXSourcesBuildPhase section */

/* Begin XCBuildConfiguration section */
		71D4BDD92A5151430089BEF7 /* Debug */ = {
			isa = XCBuildConfiguration;
			buildSettings = {
				ALWAYS_SEARCH_USER_PATHS = NO;
				CLANG_ANALYZER_NONNULL = YES;
				CLANG_ANALYZER_NUMBER_OBJECT_CONVERSION = YES_AGGRESSIVE;
				CLANG_CXX_LANGUAGE_STANDARD = "gnu++20";
				CLANG_ENABLE_MODULES = YES;
				CLANG_ENABLE_OBJC_ARC = YES;
				CLANG_ENABLE_OBJC_WEAK = YES;
				CLANG_WARN_BLOCK_CAPTURE_AUTORELEASING = YES;
				CLANG_WARN_BOOL_CONVERSION = YES;
				CLANG_WARN_COMMA = YES;
				CLANG_WARN_CONSTANT_CONVERSION = YES;
				CLANG_WARN_DEPRECATED_OBJC_IMPLEMENTATIONS = YES;
				CLANG_WARN_DIRECT_OBJC_ISA_USAGE = YES_ERROR;
				CLANG_WARN_DOCUMENTATION_COMMENTS = YES;
				CLANG_WARN_EMPTY_BODY = YES;
				CLANG_WARN_ENUM_CONVERSION = YES;
				CLANG_WARN_INFINITE_RECURSION = YES;
				CLANG_WARN_INT_CONVERSION = YES;
				CLANG_WARN_NON_LITERAL_NULL_CONVERSION = YES;
				CLANG_WARN_OBJC_IMPLICIT_RETAIN_SELF = YES;
				CLANG_WARN_OBJC_LITERAL_CONVERSION = YES;
				CLANG_WARN_OBJC_ROOT_CLASS = YES_ERROR;
				CLANG_WARN_QUOTED_INCLUDE_IN_FRAMEWORK_HEADER = YES;
				CLANG_WARN_RANGE_LOOP_ANALYSIS = YES;
				CLANG_WARN_STRICT_PROTOTYPES = YES;
				CLANG_WARN_SUSPICIOUS_MOVE = YES;
				CLANG_WARN_UNGUARDED_AVAILABILITY = YES_AGGRESSIVE;
				CLANG_WARN_UNREACHABLE_CODE = YES;
				CLANG_WARN__DUPLICATE_METHOD_MATCH = YES;
				COPY_PHASE_STRIP = NO;
				DEBUG_INFORMATION_FORMAT = dwarf;
				ENABLE_STRICT_OBJC_MSGSEND = YES;
				ENABLE_TESTABILITY = YES;
				GCC_C_LANGUAGE_STANDARD = gnu11;
				GCC_DYNAMIC_NO_PIC = NO;
				GCC_NO_COMMON_BLOCKS = YES;
				GCC_OPTIMIZATION_LEVEL = 0;
				GCC_PREPROCESSOR_DEFINITIONS = (
					"DEBUG=1",
					"$(inherited)",
				);
				GCC_WARN_64_TO_32_BIT_CONVERSION = YES;
				GCC_WARN_ABOUT_RETURN_TYPE = YES_ERROR;
				GCC_WARN_UNDECLARED_SELECTOR = YES;
				GCC_WARN_UNINITIALIZED_AUTOS = YES_AGGRESSIVE;
				GCC_WARN_UNUSED_FUNCTION = YES;
				GCC_WARN_UNUSED_VARIABLE = YES;
				INFOPLIST_KEY_LSUIElement = YES;
				MACOSX_DEPLOYMENT_TARGET = 13.3;
				MTL_ENABLE_DEBUG_INFO = INCLUDE_SOURCE;
				MTL_FAST_MATH = YES;
				ONLY_ACTIVE_ARCH = YES;
				SDKROOT = macosx;
				SWIFT_ACTIVE_COMPILATION_CONDITIONS = DEBUG;
				SWIFT_OPTIMIZATION_LEVEL = "-Onone";
			};
			name = Debug;
		};
		71D4BDDA2A5151430089BEF7 /* Release */ = {
			isa = XCBuildConfiguration;
			buildSettings = {
				ALWAYS_SEARCH_USER_PATHS = NO;
				CLANG_ANALYZER_NONNULL = YES;
				CLANG_ANALYZER_NUMBER_OBJECT_CONVERSION = YES_AGGRESSIVE;
				CLANG_CXX_LANGUAGE_STANDARD = "gnu++20";
				CLANG_ENABLE_MODULES = YES;
				CLANG_ENABLE_OBJC_ARC = YES;
				CLANG_ENABLE_OBJC_WEAK = YES;
				CLANG_WARN_BLOCK_CAPTURE_AUTORELEASING = YES;
				CLANG_WARN_BOOL_CONVERSION = YES;
				CLANG_WARN_COMMA = YES;
				CLANG_WARN_CONSTANT_CONVERSION = YES;
				CLANG_WARN_DEPRECATED_OBJC_IMPLEMENTATIONS = YES;
				CLANG_WARN_DIRECT_OBJC_ISA_USAGE = YES_ERROR;
				CLANG_WARN_DOCUMENTATION_COMMENTS = YES;
				CLANG_WARN_EMPTY_BODY = YES;
				CLANG_WARN_ENUM_CONVERSION = YES;
				CLANG_WARN_INFINITE_RECURSION = YES;
				CLANG_WARN_INT_CONVERSION = YES;
				CLANG_WARN_NON_LITERAL_NULL_CONVERSION = YES;
				CLANG_WARN_OBJC_IMPLICIT_RETAIN_SELF = YES;
				CLANG_WARN_OBJC_LITERAL_CONVERSION = YES;
				CLANG_WARN_OBJC_ROOT_CLASS = YES_ERROR;
				CLANG_WARN_QUOTED_INCLUDE_IN_FRAMEWORK_HEADER = YES;
				CLANG_WARN_RANGE_LOOP_ANALYSIS = YES;
				CLANG_WARN_STRICT_PROTOTYPES = YES;
				CLANG_WARN_SUSPICIOUS_MOVE = YES;
				CLANG_WARN_UNGUARDED_AVAILABILITY = YES_AGGRESSIVE;
				CLANG_WARN_UNREACHABLE_CODE = YES;
				CLANG_WARN__DUPLICATE_METHOD_MATCH = YES;
				COPY_PHASE_STRIP = NO;
				DEBUG_INFORMATION_FORMAT = "dwarf-with-dsym";
				ENABLE_NS_ASSERTIONS = NO;
				ENABLE_STRICT_OBJC_MSGSEND = YES;
				GCC_C_LANGUAGE_STANDARD = gnu11;
				GCC_NO_COMMON_BLOCKS = YES;
				GCC_WARN_64_TO_32_BIT_CONVERSION = YES;
				GCC_WARN_ABOUT_RETURN_TYPE = YES_ERROR;
				GCC_WARN_UNDECLARED_SELECTOR = YES;
				GCC_WARN_UNINITIALIZED_AUTOS = YES_AGGRESSIVE;
				GCC_WARN_UNUSED_FUNCTION = YES;
				GCC_WARN_UNUSED_VARIABLE = YES;
				INFOPLIST_KEY_LSUIElement = YES;
				MACOSX_DEPLOYMENT_TARGET = 13.3;
				MTL_ENABLE_DEBUG_INFO = NO;
				MTL_FAST_MATH = YES;
				SDKROOT = macosx;
				SWIFT_COMPILATION_MODE = wholemodule;
				SWIFT_OPTIMIZATION_LEVEL = "-O";
			};
			name = Release;
		};
		71D4BDDC2A5151430089BEF7 /* Debug */ = {
			isa = XCBuildConfiguration;
			buildSettings = {
				ASSETCATALOG_COMPILER_APPICON_NAME = AppIcon;
				ASSETCATALOG_COMPILER_GLOBAL_ACCENT_COLOR_NAME = AccentColor;
				CODE_SIGN_ENTITLEMENTS = StearBoard/StearBoard.entitlements;
				"CODE_SIGN_IDENTITY[sdk=macosx*]" = "Apple Development";
				CODE_SIGN_STYLE = Automatic;
				COMBINE_HIDPI_IMAGES = YES;
				CURRENT_PROJECT_VERSION = 1;
				DEVELOPMENT_ASSET_PATHS = "\"StearBoard/Preview Content\"";
				DEVELOPMENT_TEAM = RG57UZ746D;
				ENABLE_HARDENED_RUNTIME = YES;
				ENABLE_PREVIEWS = YES;
				GENERATE_INFOPLIST_FILE = YES;
				INFOPLIST_FILE = StearBoard/Info.plist;
				INFOPLIST_KEY_LSUIElement = YES;
				INFOPLIST_KEY_NSHumanReadableCopyright = "";
				LD_RUNPATH_SEARCH_PATHS = (
					"$(inherited)",
					"@executable_path/../Frameworks",
				);
				MARKETING_VERSION = 0.0.2;
				PRODUCT_BUNDLE_IDENTIFIER = leeyaso.StearBoard;
				PRODUCT_NAME = "$(TARGET_NAME)";
				SWIFT_EMIT_LOC_STRINGS = YES;
				SWIFT_VERSION = 5.0;
			};
			name = Debug;
		};
		71D4BDDD2A5151430089BEF7 /* Release */ = {
			isa = XCBuildConfiguration;
			buildSettings = {
				ASSETCATALOG_COMPILER_APPICON_NAME = AppIcon;
				ASSETCATALOG_COMPILER_GLOBAL_ACCENT_COLOR_NAME = AccentColor;
				CODE_SIGN_ENTITLEMENTS = StearBoard/StearBoard.entitlements;
				"CODE_SIGN_IDENTITY[sdk=macosx*]" = "Apple Development";
				CODE_SIGN_STYLE = Automatic;
				COMBINE_HIDPI_IMAGES = YES;
				CURRENT_PROJECT_VERSION = 1;
				DEVELOPMENT_ASSET_PATHS = "\"StearBoard/Preview Content\"";
				DEVELOPMENT_TEAM = RG57UZ746D;
				ENABLE_HARDENED_RUNTIME = YES;
				ENABLE_PREVIEWS = YES;
				GENERATE_INFOPLIST_FILE = YES;
				INFOPLIST_FILE = StearBoard/Info.plist;
				INFOPLIST_KEY_LSUIElement = YES;
				INFOPLIST_KEY_NSHumanReadableCopyright = "";
				LD_RUNPATH_SEARCH_PATHS = (
					"$(inherited)",
					"@executable_path/../Frameworks",
				);
				MARKETING_VERSION = 0.0.2;
				PRODUCT_BUNDLE_IDENTIFIER = leeyaso.StearBoard;
				PRODUCT_NAME = "$(TARGET_NAME)";
				SWIFT_EMIT_LOC_STRINGS = YES;
				SWIFT_VERSION = 5.0;
			};
			name = Release;
		};
/* End XCBuildConfiguration section */

/* Begin XCConfigurationList section */
		71D4BDC72A5151420089BEF7 /* Build configuration list for PBXProject "StearBoard" */ = {
			isa = XCConfigurationList;
			buildConfigurations = (
				71D4BDD92A5151430089BEF7 /* Debug */,
				71D4BDDA2A5151430089BEF7 /* Release */,
			);
			defaultConfigurationIsVisible = 0;
			defaultConfigurationName = Release;
		};
		71D4BDDB2A5151430089BEF7 /* Build configuration list for PBXNativeTarget "StearBoard" */ = {
			isa = XCConfigurationList;
			buildConfigurations = (
				71D4BDDC2A5151430089BEF7 /* Debug */,
				71D4BDDD2A5151430089BEF7 /* Release */,
			);
			defaultConfigurationIsVisible = 0;
			defaultConfigurationName = Release;
		};
/* End XCConfigurationList section */
	};
	rootObject = 71D4BDC42A5151420089BEF7 /* Project object */;
}
